
Microsoft Visual Studio Solution File, Format Version 12.00
# Visual Studio 15
VisualStudioVersion = 15.0.28307.645
MinimumVisualStudioVersion = 10.0.40219.1
Project("{FAE04EC0-301F-11D3-BF4B-00C04F79EFBC}") = "Snake", "Snake\Snake.csproj", "{8958456F-2C32-4CE1-BF69-61F005B70EB8}"
EndProject
Global
	GlobalSection(SolutionConfigurationPlatforms) = preSolution
		Debug|Any CPU = Debug|Any CPU
		Release|Any CPU = Release|Any CPU
	EndGlobalSection
	GlobalSection(ProjectConfigurationPlatforms) = postSolution
		{8958456F-2C32-4CE1-BF69-61F005B70EB8}.Debug|Any CPU.ActiveCfg = Debug|Any CPU
		{8958456F-2C32-4CE1-BF69-61F005B70EB8}.Debug|Any CPU.Build.0 = Debug|Any CPU
		{8958456F-2C32-4CE1-BF69-61F005B70EB8}.Release|Any CPU.ActiveCfg = Release|Any CPU
		{8958456F-2C32-4CE1-BF69-61F005B70EB8}.Release|Any CPU.Build.0 = Release|Any CPU
	EndGlobalSection
	GlobalSection(SolutionProperties) = preSolution
		HideSolutionNode = FALSE
	EndGlobalSection
	GlobalSection(ExtensibilityGlobals) = postSolution
		SolutionGuid = {04A9281B-8653-41EB-B831-D0868A5242AA}
	EndGlobalSection
EndGlobal
